
Microsoft Visual Studio Solution File, Format Version 12.00
# Visual Studio Version 16
VisualStudioVersion = 16.0.31605.320
MinimumVisualStudioVersion = 10.0.40219.1
Project("{8BC9CEB8-8B4A-11D0-8D11-00A0C91BC942}") = "matrixDll", "matrixDll\matrixDll.vcxproj", "{F79BB39E-1948-4B3F-9FC7-73C6A39F22A6}"
EndProject
Project("{8BC9CEB8-8B4A-11D0-8D11-00A0C91BC942}") = "matrixProject", "matrixProject\matrixProject.vcxproj", "{9F736AD1-DDB5-4A74-8510-EA7C84FDBEC7}"
EndProject
Project("{8BC9CEB8-8B4A-11D0-8D11-00A0C91BC942}") = "matrixDesignDll", "matrixDesignDll\matrixDesignDll.vcxproj", "{C9805205-682A-4D48-B22E-835F1F2EED6E}"
EndProject
Global
	GlobalSection(SolutionConfigurationPlatforms) = preSolution
		Debug|x64 = Debug|x64
		Debug|x86 = Debug|x86
		Release|x64 = Release|x64
		Release|x86 = Release|x86
	EndGlobalSection
	GlobalSection(ProjectConfigurationPlatforms) = postSolution
		{F79BB39E-1948-4B3F-9FC7-73C6A39F22A6}.Debug|x64.ActiveCfg = Debug|x64
		{F79BB39E-1948-4B3F-9FC7-73C6A39F22A6}.Debug|x64.Build.0 = Debug|x64
		{F79BB39E-1948-4B3F-9FC7-73C6A39F22A6}.Debug|x86.ActiveCfg = Debug|Win32
		{F79BB39E-1948-4B3F-9FC7-73C6A39F22A6}.Debug|x86.Build.0 = Debug|Win32
		{F79BB39E-1948-4B3F-9FC7-73C6A39F22A6}.Release|x64.ActiveCfg = Release|x64
		{F79BB39E-1948-4B3F-9FC7-73C6A39F22A6}.Release|x64.Build.0 = Release|x64
		{F79BB39E-1948-4B3F-9FC7-73C6A39F22A6}.Release|x86.ActiveCfg = Release|Win32
		{F79BB39E-1948-4B3F-9FC7-73C6A39F22A6}.Release|x86.Build.0 = Release|Win32
		{9F736AD1-DDB5-4A74-8510-EA7C84FDBEC7}.Debug|x64.ActiveCfg = Debug|x64
		{9F736AD1-DDB5-4A74-8510-EA7C84FDBEC7}.Debug|x64.Build.0 = Debug|x64
		{9F736AD1-DDB5-4A74-8510-EA7C84FDBEC7}.Debug|x86.ActiveCfg = Debug|Win32
		{9F736AD1-DDB5-4A74-8510-EA7C84FDBEC7}.Debug|x86.Build.0 = Debug|Win32
		{9F736AD1-DDB5-4A74-8510-EA7C84FDBEC7}.Release|x64.ActiveCfg = Release|x64
		{9F736AD1-DDB5-4A74-8510-EA7C84FDBEC7}.Release|x64.Build.0 = Release|x64
		{9F736AD1-DDB5-4A74-8510-EA7C84FDBEC7}.Release|x86.ActiveCfg = Release|Win32
		{9F736AD1-DDB5-4A74-8510-EA7C84FDBEC7}.Release|x86.Build.0 = Release|Win32
		{C9805205-682A-4D48-B22E-835F1F2EED6E}.Debug|x64.ActiveCfg = Debug|x64
		{C9805205-682A-4D48-B22E-835F1F2EED6E}.Debug|x64.Build.0 = Debug|x64
		{C9805205-682A-4D48-B22E-835F1F2EED6E}.Debug|x86.ActiveCfg = Debug|Win32
		{C9805205-682A-4D48-B22E-835F1F2EED6E}.Debug|x86.Build.0 = Debug|Win32
		{C9805205-682A-4D48-B22E-835F1F2EED6E}.Release|x64.ActiveCfg = Release|x64
		{C9805205-682A-4D48-B22E-835F1F2EED6E}.Release|x64.Build.0 = Release|x64
		{C9805205-682A-4D48-B22E-835F1F2EED6E}.Release|x86.ActiveCfg = Release|Win32
		{C9805205-682A-4D48-B22E-835F1F2EED6E}.Release|x86.Build.0 = Release|Win32
	EndGlobalSection
	GlobalSection(SolutionProperties) = preSolution
		HideSolutionNode = FALSE
	EndGlobalSection
	GlobalSection(ExtensibilityGlobals) = postSolution
		SolutionGuid = {9CBBCA4B-85BA-4213-BB78-602B8678132F}
	EndGlobalSection
EndGlobal
